// !$*UTF8*$!
{
	archiveVersion = 1;
	classes = {
	};
	objectVersion = 56;
	objects = {

/* Begin PBXBuildFile section */
		38001E1D2A29F6090063B60D /* APICaller.swift in Sources */ = {isa = PBXBuildFile; fileRef = 38001E1C2A29F6090063B60D /* APICaller.swift */; };
		3864397D2A2C3EFB0070E066 /* TitleCollectionViewCell.swift in Sources */ = {isa = PBXBuildFile; fileRef = 3864397C2A2C3EFB0070E066 /* TitleCollectionViewCell.swift */; };
		386439802A2C4D770070E066 /* SDWebImage in Frameworks */ = {isa = PBXBuildFile; productRef = 3864397F2A2C4D770070E066 /* SDWebImage */; };
		386439822A2C4D770070E066 /* SDWebImageMapKit in Frameworks */ = {isa = PBXBuildFile; productRef = 386439812A2C4D770070E066 /* SDWebImageMapKit */; };
		386439842A2C50C20070E066 /* Title.swift in Sources */ = {isa = PBXBuildFile; fileRef = 386439832A2C50C20070E066 /* Title.swift */; };
		386C7BE12A5184B500E2B88D /* NetflixCloneModel.xcdatamodeld in Sources */ = {isa = PBXBuildFile; fileRef = 386C7BDF2A5184B500E2B88D /* NetflixCloneModel.xcdatamodeld */; };
		386C7BE32A51853D00E2B88D /* DataPersistenceManager.swift in Sources */ = {isa = PBXBuildFile; fileRef = 386C7BE22A51853D00E2B88D /* DataPersistenceManager.swift */; };
		386F2BA92A4FE49E00927D39 /* SearchResultViewController.swift in Sources */ = {isa = PBXBuildFile; fileRef = 386F2BA82A4FE49E00927D39 /* SearchResultViewController.swift */; };
		386F2BAB2A508DE500927D39 /* TitlePreviewViewModel.swift in Sources */ = {isa = PBXBuildFile; fileRef = 386F2BAA2A508DE500927D39 /* TitlePreviewViewModel.swift */; };
		386F2BAD2A508F8A00927D39 /* TitlePreviewViewController.swift in Sources */ = {isa = PBXBuildFile; fileRef = 386F2BAC2A508F8A00927D39 /* TitlePreviewViewController.swift */; };
		3885A1302A285F9800DDE870 /* HeroHeaderUIView.swift in Sources */ = {isa = PBXBuildFile; fileRef = 3885A12F2A285F9800DDE870 /* HeroHeaderUIView.swift */; };
		38890B2C2A284B1C00C71748 /* AppDelegate.swift in Sources */ = {isa = PBXBuildFile; fileRef = 38890B2B2A284B1C00C71748 /* AppDelegate.swift */; };
		38890B2E2A284B1C00C71748 /* SceneDelegate.swift in Sources */ = {isa = PBXBuildFile; fileRef = 38890B2D2A284B1C00C71748 /* SceneDelegate.swift */; };
		38890B302A284B1C00C71748 /* MainTabBarViewController.swift in Sources */ = {isa = PBXBuildFile; fileRef = 38890B2F2A284B1C00C71748 /* MainTabBarViewController.swift */; };
		38890B352A284B1D00C71748 /* Assets.xcassets in Resources */ = {isa = PBXBuildFile; fileRef = 38890B342A284B1D00C71748 /* Assets.xcassets */; };
		38890B382A284B1D00C71748 /* LaunchScreen.storyboard in Resources */ = {isa = PBXBuildFile; fileRef = 38890B362A284B1D00C71748 /* LaunchScreen.storyboard */; };
		38890B412A284C7300C71748 /* HomeViewController.swift in Sources */ = {isa = PBXBuildFile; fileRef = 38890B402A284C7300C71748 /* HomeViewController.swift */; };
		38890B432A284C8000C71748 /* UpcomingViewController.swift in Sources */ = {isa = PBXBuildFile; fileRef = 38890B422A284C8000C71748 /* UpcomingViewController.swift */; };
		38890B452A284C9D00C71748 /* SearchViewController.swift in Sources */ = {isa = PBXBuildFile; fileRef = 38890B442A284C9D00C71748 /* SearchViewController.swift */; };
		38890B472A284CB900C71748 /* DownloadsViewController.swift in Sources */ = {isa = PBXBuildFile; fileRef = 38890B462A284CB900C71748 /* DownloadsViewController.swift */; };
		38890B4E2A28526100C71748 /* CollectionViewTableViewCell.swift in Sources */ = {isa = PBXBuildFile; fileRef = 38890B4D2A28526100C71748 /* CollectionViewTableViewCell.swift */; };
		3890B88F2A2A2571008C374B /* Extensions.swift in Sources */ = {isa = PBXBuildFile; fileRef = 3890B88E2A2A2571008C374B /* Extensions.swift */; };
		38B8F6412A2E185000FFF245 /* TitleTableViewCell.swift in Sources */ = {isa = PBXBuildFile; fileRef = 38B8F6402A2E185000FFF245 /* TitleTableViewCell.swift */; };
		38B8F6432A2E1B7300FFF245 /* TitleViewModel.swift in Sources */ = {isa = PBXBuildFile; fileRef = 38B8F6422A2E1B7300FFF245 /* TitleViewModel.swift */; };
/* End PBXBuildFile section */

/* Begin PBXFileReference section */
		38001E1C2A29F6090063B60D /* APICaller.swift */ = {isa = PBXFileReference; lastKnownFileType = sourcecode.swift; path = APICaller.swift; sourceTree = "<group>"; };
		3864397C2A2C3EFB0070E066 /* TitleCollectionViewCell.swift */ = {isa = PBXFileReference; lastKnownFileType = sourcecode.swift; path = TitleCollectionViewCell.swift; sourceTree = "<group>"; };
		386439832A2C50C20070E066 /* Title.swift */ = {isa = PBXFileReference; lastKnownFileType = sourcecode.swift; path = Title.swift; sourceTree = "<group>"; };
		386C7BE02A5184B500E2B88D /* NetflixCloneModel.xcdatamodel */ = {isa = PBXFileReference; lastKnownFileType = wrapper.xcdatamodel; path = NetflixCloneModel.xcdatamodel; sourceTree = "<group>"; };
		386C7BE22A51853D00E2B88D /* DataPersistenceManager.swift */ = {isa = PBXFileReference; lastKnownFileType = sourcecode.swift; path = DataPersistenceManager.swift; sourceTree = "<group>"; };
		386F2BA82A4FE49E00927D39 /* SearchResultViewController.swift */ = {isa = PBXFileReference; lastKnownFileType = sourcecode.swift; path = SearchResultViewController.swift; sourceTree = "<group>"; };
		386F2BAA2A508DE500927D39 /* TitlePreviewViewModel.swift */ = {isa = PBXFileReference; lastKnownFileType = sourcecode.swift; path = TitlePreviewViewModel.swift; sourceTree = "<group>"; };
		386F2BAC2A508F8A00927D39 /* TitlePreviewViewController.swift */ = {isa = PBXFileReference; lastKnownFileType = sourcecode.swift; path = TitlePreviewViewController.swift; sourceTree = "<group>"; };
		3885A12F2A285F9800DDE870 /* HeroHeaderUIView.swift */ = {isa = PBXFileReference; lastKnownFileType = sourcecode.swift; path = HeroHeaderUIView.swift; sourceTree = "<group>"; };
		38890B282A284B1C00C71748 /* Netflix Clone.app */ = {isa = PBXFileReference; explicitFileType = wrapper.application; includeInIndex = 0; path = "Netflix Clone.app"; sourceTree = BUILT_PRODUCTS_DIR; };
		38890B2B2A284B1C00C71748 /* AppDelegate.swift */ = {isa = PBXFileReference; lastKnownFileType = sourcecode.swift; path = AppDelegate.swift; sourceTree = "<group>"; };
		38890B2D2A284B1C00C71748 /* SceneDelegate.swift */ = {isa = PBXFileReference; lastKnownFileType = sourcecode.swift; path = SceneDelegate.swift; sourceTree = "<group>"; };
		38890B2F2A284B1C00C71748 /* MainTabBarViewController.swift */ = {isa = PBXFileReference; lastKnownFileType = sourcecode.swift; path = MainTabBarViewController.swift; sourceTree = "<group>"; };
		38890B342A284B1D00C71748 /* Assets.xcassets */ = {isa = PBXFileReference; lastKnownFileType = folder.assetcatalog; path = Assets.xcassets; sourceTree = "<group>"; };
		38890B372A284B1D00C71748 /* Base */ = {isa = PBXFileReference; lastKnownFileType = file.storyboard; name = Base; path = Base.lproj/LaunchScreen.storyboard; sourceTree = "<group>"; };
		38890B392A284B1D00C71748 /* Info.plist */ = {isa = PBXFileReference; lastKnownFileType = text.plist.xml; path = Info.plist; sourceTree = "<group>"; };
		38890B402A284C7300C71748 /* HomeViewController.swift */ = {isa = PBXFileReference; lastKnownFileType = sourcecode.swift; path = HomeViewController.swift; sourceTree = "<group>"; };
		38890B422A284C8000C71748 /* UpcomingViewController.swift */ = {isa = PBXFileReference; lastKnownFileType = sourcecode.swift; path = UpcomingViewController.swift; sourceTree = "<group>"; };
		38890B442A284C9D00C71748 /* SearchViewController.swift */ = {isa = PBXFileReference; lastKnownFileType = sourcecode.swift; path = SearchViewController.swift; sourceTree = "<group>"; };
		38890B462A284CB900C71748 /* DownloadsViewController.swift */ = {isa = PBXFileReference; lastKnownFileType = sourcecode.swift; path = DownloadsViewController.swift; sourceTree = "<group>"; };
		38890B4D2A28526100C71748 /* CollectionViewTableViewCell.swift */ = {isa = PBXFileReference; lastKnownFileType = sourcecode.swift; path = CollectionViewTableViewCell.swift; sourceTree = "<group>"; };
		3890B88E2A2A2571008C374B /* Extensions.swift */ = {isa = PBXFileReference; lastKnownFileType = sourcecode.swift; path = Extensions.swift; sourceTree = "<group>"; };
		38B8F6402A2E185000FFF245 /* TitleTableViewCell.swift */ = {isa = PBXFileReference; lastKnownFileType = sourcecode.swift; path = TitleTableViewCell.swift; sourceTree = "<group>"; };
		38B8F6422A2E1B7300FFF245 /* TitleViewModel.swift */ = {isa = PBXFileReference; lastKnownFileType = sourcecode.swift; path = TitleViewModel.swift; sourceTree = "<group>"; };
/* End PBXFileReference section */

/* Begin PBXFrameworksBuildPhase section */
		38890B252A284B1C00C71748 /* Frameworks */ = {
			isa = PBXFrameworksBuildPhase;
			buildActionMask = 2147483647;
			files = (
				386439822A2C4D770070E066 /* SDWebImageMapKit in Frameworks */,
				386439802A2C4D770070E066 /* SDWebImage in Frameworks */,
			);
			runOnlyForDeploymentPostprocessing = 0;
		};
/* End PBXFrameworksBuildPhase section */

/* Begin PBXGroup section */
		386F2BA62A4FE47D00927D39 /* Core */ = {
			isa = PBXGroup;
			children = (
				38890B402A284C7300C71748 /* HomeViewController.swift */,
				38890B422A284C8000C71748 /* UpcomingViewController.swift */,
				38890B442A284C9D00C71748 /* SearchViewController.swift */,
				38890B462A284CB900C71748 /* DownloadsViewController.swift */,
			);
			path = Core;
			sourceTree = "<group>";
		};
		386F2BA72A4FE48300927D39 /* General */ = {
			isa = PBXGroup;
			children = (
				386F2BA82A4FE49E00927D39 /* SearchResultViewController.swift */,
				386F2BAC2A508F8A00927D39 /* TitlePreviewViewController.swift */,
			);
			path = General;
			sourceTree = "<group>";
		};
		38890B1F2A284B1C00C71748 = {
			isa = PBXGroup;
			children = (
				38890B2A2A284B1C00C71748 /* Netflix Clone */,
				38890B292A284B1C00C71748 /* Products */,
			);
			sourceTree = "<group>";
		};
		38890B292A284B1C00C71748 /* Products */ = {
			isa = PBXGroup;
			children = (
				38890B282A284B1C00C71748 /* Netflix Clone.app */,
			);
			name = Products;
			sourceTree = "<group>";
		};
		38890B2A2A284B1C00C71748 /* Netflix Clone */ = {
			isa = PBXGroup;
			children = (
				38890B4C2A28522B00C71748 /* Managers */,
				38890B4B2A28522400C71748 /* Resources */,
				38890B4A2A28520800C71748 /* Models */,
				38890B482A2851FD00C71748 /* Views */,
				38890B492A28520100C71748 /* ViewModels */,
				38890B3F2A284C6100C71748 /* Controllers */,
				38890B2B2A284B1C00C71748 /* AppDelegate.swift */,
				38890B2D2A284B1C00C71748 /* SceneDelegate.swift */,
				38890B2F2A284B1C00C71748 /* MainTabBarViewController.swift */,
				38890B342A284B1D00C71748 /* Assets.xcassets */,
				38890B362A284B1D00C71748 /* LaunchScreen.storyboard */,
				38890B392A284B1D00C71748 /* Info.plist */,
				386C7BDF2A5184B500E2B88D /* NetflixCloneModel.xcdatamodeld */,
			);
			path = "Netflix Clone";
			sourceTree = "<group>";
		};
		38890B3F2A284C6100C71748 /* Controllers */ = {
			isa = PBXGroup;
			children = (
				386F2BA72A4FE48300927D39 /* General */,
				386F2BA62A4FE47D00927D39 /* Core */,
			);
			path = Controllers;
			sourceTree = "<group>";
		};
		38890B482A2851FD00C71748 /* Views */ = {
			isa = PBXGroup;
			children = (
				38890B4D2A28526100C71748 /* CollectionViewTableViewCell.swift */,
				3885A12F2A285F9800DDE870 /* HeroHeaderUIView.swift */,
				3864397C2A2C3EFB0070E066 /* TitleCollectionViewCell.swift */,
				38B8F6402A2E185000FFF245 /* TitleTableViewCell.swift */,
			);
			path = Views;
			sourceTree = "<group>";
		};
		38890B492A28520100C71748 /* ViewModels */ = {
			isa = PBXGroup;
			children = (
				38B8F6422A2E1B7300FFF245 /* TitleViewModel.swift */,
			);
			path = ViewModels;
			sourceTree = "<group>";
		};
		38890B4A2A28520800C71748 /* Models */ = {
			isa = PBXGroup;
			children = (
				386439832A2C50C20070E066 /* Title.swift */,
				386F2BAA2A508DE500927D39 /* TitlePreviewViewModel.swift */,
			);
			path = Models;
			sourceTree = "<group>";
		};
		38890B4B2A28522400C71748 /* Resources */ = {
			isa = PBXGroup;
			children = (
				3890B88E2A2A2571008C374B /* Extensions.swift */,
			);
			path = Resources;
			sourceTree = "<group>";
		};
		38890B4C2A28522B00C71748 /* Managers */ = {
			isa = PBXGroup;
			children = (
				38001E1C2A29F6090063B60D /* APICaller.swift */,
				386C7BE22A51853D00E2B88D /* DataPersistenceManager.swift */,
			);
			path = Managers;
			sourceTree = "<group>";
		};
/* End PBXGroup section */

/* Begin PBXNativeTarget section */
		38890B272A284B1C00C71748 /* Netflix Clone */ = {
			isa = PBXNativeTarget;
			buildConfigurationList = 38890B3C2A284B1D00C71748 /* Build configuration list for PBXNativeTarget "Netflix Clone" */;
			buildPhases = (
				38890B242A284B1C00C71748 /* Sources */,
				38890B252A284B1C00C71748 /* Frameworks */,
				38890B262A284B1C00C71748 /* Resources */,
			);
			buildRules = (
			);
			dependencies = (
			);
			name = "Netflix Clone";
			packageProductDependencies = (
				3864397F2A2C4D770070E066 /* SDWebImage */,
				386439812A2C4D770070E066 /* SDWebImageMapKit */,
			);
			productName = "Netflix Clone";
			productReference = 38890B282A284B1C00C71748 /* Netflix Clone.app */;
			productType = "com.apple.product-type.application";
		};
/* End PBXNativeTarget section */

/* Begin PBXProject section */
		38890B202A284B1C00C71748 /* Project object */ = {
			isa = PBXProject;
			attributes = {
				BuildIndependentTargetsInParallel = 1;
				LastSwiftUpdateCheck = 1420;
				LastUpgradeCheck = 1420;
				TargetAttributes = {
					38890B272A284B1C00C71748 = {
						CreatedOnToolsVersion = 14.2;
					};
				};
			};
			buildConfigurationList = 38890B232A284B1C00C71748 /* Build configuration list for PBXProject "Netflix Clone" */;
			compatibilityVersion = "Xcode 14.0";
			developmentRegion = en;
			hasScannedForEncodings = 0;
			knownRegions = (
				en,
				Base,
			);
			mainGroup = 38890B1F2A284B1C00C71748;
			packageReferences = (
				3864397E2A2C4D770070E066 /* XCRemoteSwiftPackageReference "SDWebImage" */,
			);
			productRefGroup = 38890B292A284B1C00C71748 /* Products */;
			projectDirPath = "";
			projectRoot = "";
			targets = (
				38890B272A284B1C00C71748 /* Netflix Clone */,
			);
		};
/* End PBXProject section */

/* Begin PBXResourcesBuildPhase section */
		38890B262A284B1C00C71748 /* Resources */ = {
			isa = PBXResourcesBuildPhase;
			buildActionMask = 2147483647;
			files = (
				38890B382A284B1D00C71748 /* LaunchScreen.storyboard in Resources */,
				38890B352A284B1D00C71748 /* Assets.xcassets in Resources */,
			);
			runOnlyForDeploymentPostprocessing = 0;
		};
/* End PBXResourcesBuildPhase section */

/* Begin PBXSourcesBuildPhase section */
		38890B242A284B1C00C71748 /* Sources */ = {
			isa = PBXSourcesBuildPhase;
			buildActionMask = 2147483647;
			files = (
				38B8F6412A2E185000FFF245 /* TitleTableViewCell.swift in Sources */,
				38890B452A284C9D00C71748 /* SearchViewController.swift in Sources */,
				38890B302A284B1C00C71748 /* MainTabBarViewController.swift in Sources */,
				38890B4E2A28526100C71748 /* CollectionViewTableViewCell.swift in Sources */,
				38001E1D2A29F6090063B60D /* APICaller.swift in Sources */,
				3885A1302A285F9800DDE870 /* HeroHeaderUIView.swift in Sources */,
				386F2BAB2A508DE500927D39 /* TitlePreviewViewModel.swift in Sources */,
				38890B472A284CB900C71748 /* DownloadsViewController.swift in Sources */,
				38890B2C2A284B1C00C71748 /* AppDelegate.swift in Sources */,
				386C7BE32A51853D00E2B88D /* DataPersistenceManager.swift in Sources */,
				386C7BE12A5184B500E2B88D /* NetflixCloneModel.xcdatamodeld in Sources */,
				3864397D2A2C3EFB0070E066 /* TitleCollectionViewCell.swift in Sources */,
				3890B88F2A2A2571008C374B /* Extensions.swift in Sources */,
				38890B2E2A284B1C00C71748 /* SceneDelegate.swift in Sources */,
				386439842A2C50C20070E066 /* Title.swift in Sources */,
				38890B432A284C8000C71748 /* UpcomingViewController.swift in Sources */,
				386F2BAD2A508F8A00927D39 /* TitlePreviewViewController.swift in Sources */,
				38890B412A284C7300C71748 /* HomeViewController.swift in Sources */,
				386F2BA92A4FE49E00927D39 /* SearchResultViewController.swift in Sources */,
				38B8F6432A2E1B7300FFF245 /* TitleViewModel.swift in Sources */,
			);
			runOnlyForDeploymentPostprocessing = 0;
		};
/* End PBXSourcesBuildPhase section */

/* Begin PBXVariantGroup section */
		38890B362A284B1D00C71748 /* LaunchScreen.storyboard */ = {
			isa = PBXVariantGroup;
			children = (
				38890B372A284B1D00C71748 /* Base */,
			);
			name = LaunchScreen.storyboard;
			sourceTree = "<group>";
		};
/* End PBXVariantGroup section */

/* Begin XCBuildConfiguration section */
		38890B3A2A284B1D00C71748 /* Debug */ = {
			isa = XCBuildConfiguration;
			buildSettings = {
				ALWAYS_SEARCH_USER_PATHS = NO;
				CLANG_ANALYZER_NONNULL = YES;
				CLANG_ANALYZER_NUMBER_OBJECT_CONVERSION = YES_AGGRESSIVE;
				CLANG_CXX_LANGUAGE_STANDARD = "gnu++20";
				CLANG_ENABLE_MODULES = YES;
				CLANG_ENABLE_OBJC_ARC = YES;
				CLANG_ENABLE_OBJC_WEAK = YES;
				CLANG_WARN_BLOCK_CAPTURE_AUTORELEASING = YES;
				CLANG_WARN_BOOL_CONVERSION = YES;
				CLANG_WARN_COMMA = YES;
				CLANG_WARN_CONSTANT_CONVERSION = YES;
				CLANG_WARN_DEPRECATED_OBJC_IMPLEMENTATIONS = YES;
				CLANG_WARN_DIRECT_OBJC_ISA_USAGE = YES_ERROR;
				CLANG_WARN_DOCUMENTATION_COMMENTS = YES;
				CLANG_WARN_EMPTY_BODY = YES;
				CLANG_WARN_ENUM_CONVERSION = YES;
				CLANG_WARN_INFINITE_RECURSION = YES;
				CLANG_WARN_INT_CONVERSION = YES;
				CLANG_WARN_NON_LITERAL_NULL_CONVERSION = YES;
				CLANG_WARN_OBJC_IMPLICIT_RETAIN_SELF = YES;
				CLANG_WARN_OBJC_LITERAL_CONVERSION = YES;
				CLANG_WARN_OBJC_ROOT_CLASS = YES_ERROR;
				CLANG_WARN_QUOTED_INCLUDE_IN_FRAMEWORK_HEADER = YES;
				CLANG_WARN_RANGE_LOOP_ANALYSIS = YES;
				CLANG_WARN_STRICT_PROTOTYPES = YES;
				CLANG_WARN_SUSPICIOUS_MOVE = YES;
				CLANG_WARN_UNGUARDED_AVAILABILITY = YES_AGGRESSIVE;
				CLANG_WARN_UNREACHABLE_CODE = YES;
				CLANG_WARN__DUPLICATE_METHOD_MATCH = YES;
				COPY_PHASE_STRIP = NO;
				DEBUG_INFORMATION_FORMAT = dwarf;
				ENABLE_STRICT_OBJC_MSGSEND = YES;
				ENABLE_TESTABILITY = YES;
				GCC_C_LANGUAGE_STANDARD = gnu11;
				GCC_DYNAMIC_NO_PIC = NO;
				GCC_NO_COMMON_BLOCKS = YES;
				GCC_OPTIMIZATION_LEVEL = 0;
				GCC_PREPROCESSOR_DEFINITIONS = (
					"DEBUG=1",
					"$(inherited)",
				);
				GCC_WARN_64_TO_32_BIT_CONVERSION = YES;
				GCC_WARN_ABOUT_RETURN_TYPE = YES_ERROR;
				GCC_WARN_UNDECLARED_SELECTOR = YES;
				GCC_WARN_UNINITIALIZED_AUTOS = YES_AGGRESSIVE;
				GCC_WARN_UNUSED_FUNCTION = YES;
				GCC_WARN_UNUSED_VARIABLE = YES;
				IPHONEOS_DEPLOYMENT_TARGET = 16.2;
				MTL_ENABLE_DEBUG_INFO = INCLUDE_SOURCE;
				MTL_FAST_MATH = YES;
				ONLY_ACTIVE_ARCH = YES;
				SDKROOT = iphoneos;
				SWIFT_ACTIVE_COMPILATION_CONDITIONS = DEBUG;
				SWIFT_OPTIMIZATION_LEVEL = "-Onone";
			};
			name = Debug;
		};
		38890B3B2A284B1D00C71748 /* Release */ = {
			isa = XCBuildConfiguration;
			buildSettings = {
				ALWAYS_SEARCH_USER_PATHS = NO;
				CLANG_ANALYZER_NONNULL = YES;
				CLANG_ANALYZER_NUMBER_OBJECT_CONVERSION = YES_AGGRESSIVE;
				CLANG_CXX_LANGUAGE_STANDARD = "gnu++20";
				CLANG_ENABLE_MODULES = YES;
				CLANG_ENABLE_OBJC_ARC = YES;
				CLANG_ENABLE_OBJC_WEAK = YES;
				CLANG_WARN_BLOCK_CAPTURE_AUTORELEASING = YES;
				CLANG_WARN_BOOL_CONVERSION = YES;
				CLANG_WARN_COMMA = YES;
				CLANG_WARN_CONSTANT_CONVERSION = YES;
				CLANG_WARN_DEPRECATED_OBJC_IMPLEMENTATIONS = YES;
				CLANG_WARN_DIRECT_OBJC_ISA_USAGE = YES_ERROR;
				CLANG_WARN_DOCUMENTATION_COMMENTS = YES;
				CLANG_WARN_EMPTY_BODY = YES;
				CLANG_WARN_ENUM_CONVERSION = YES;
				CLANG_WARN_INFINITE_RECURSION = YES;
				CLANG_WARN_INT_CONVERSION = YES;
				CLANG_WARN_NON_LITERAL_NULL_CONVERSION = YES;
				CLANG_WARN_OBJC_IMPLICIT_RETAIN_SELF = YES;
				CLANG_WARN_OBJC_LITERAL_CONVERSION = YES;
				CLANG_WARN_OBJC_ROOT_CLASS = YES_ERROR;
				CLANG_WARN_QUOTED_INCLUDE_IN_FRAMEWORK_HEADER = YES;
				CLANG_WARN_RANGE_LOOP_ANALYSIS = YES;
				CLANG_WARN_STRICT_PROTOTYPES = YES;
				CLANG_WARN_SUSPICIOUS_MOVE = YES;
				CLANG_WARN_UNGUARDED_AVAILABILITY = YES_AGGRESSIVE;
				CLANG_WARN_UNREACHABLE_CODE = YES;
				CLANG_WARN__DUPLICATE_METHOD_MATCH = YES;
				COPY_PHASE_STRIP = NO;
				DEBUG_INFORMATION_FORMAT = "dwarf-with-dsym";
				ENABLE_NS_ASSERTIONS = NO;
				ENABLE_STRICT_OBJC_MSGSEND = YES;
				GCC_C_LANGUAGE_STANDARD = gnu11;
				GCC_NO_COMMON_BLOCKS = YES;
				GCC_WARN_64_TO_32_BIT_CONVERSION = YES;
				GCC_WARN_ABOUT_RETURN_TYPE = YES_ERROR;
				GCC_WARN_UNDECLARED_SELECTOR = YES;
				GCC_WARN_UNINITIALIZED_AUTOS = YES_AGGRESSIVE;
				GCC_WARN_UNUSED_FUNCTION = YES;
				GCC_WARN_UNUSED_VARIABLE = YES;
				IPHONEOS_DEPLOYMENT_TARGET = 16.2;
				MTL_ENABLE_DEBUG_INFO = NO;
				MTL_FAST_MATH = YES;
				SDKROOT = iphoneos;
				SWIFT_COMPILATION_MODE = wholemodule;
				SWIFT_OPTIMIZATION_LEVEL = "-O";
				VALIDATE_PRODUCT = YES;
			};
			name = Release;
		};
		38890B3D2A284B1D00C71748 /* Debug */ = {
			isa = XCBuildConfiguration;
			buildSettings = {
				ASSETCATALOG_COMPILER_APPICON_NAME = AppIcon;
				ASSETCATALOG_COMPILER_GLOBAL_ACCENT_COLOR_NAME = AccentColor;
				CODE_SIGN_STYLE = Automatic;
				CURRENT_PROJECT_VERSION = 1;
				DEVELOPMENT_TEAM = A2WQZ32XVK;
				GENERATE_INFOPLIST_FILE = YES;
				INFOPLIST_FILE = "Netflix Clone/Info.plist";
				INFOPLIST_KEY_UIApplicationSupportsIndirectInputEvents = YES;
				INFOPLIST_KEY_UILaunchStoryboardName = LaunchScreen;
				INFOPLIST_KEY_UISupportedInterfaceOrientations_iPad = "UIInterfaceOrientationPortrait UIInterfaceOrientationPortraitUpsideDown UIInterfaceOrientationLandscapeLeft UIInterfaceOrientationLandscapeRight";
				INFOPLIST_KEY_UISupportedInterfaceOrientations_iPhone = "UIInterfaceOrientationPortrait UIInterfaceOrientationLandscapeLeft UIInterfaceOrientationLandscapeRight";
				LD_RUNPATH_SEARCH_PATHS = (
					"$(inherited)",
					"@executable_path/Frameworks",
				);
				MARKETING_VERSION = 1.0;
				PRODUCT_BUNDLE_IDENTIFIER = "com.dimaswisodewo.Netflix-Clone";
				PRODUCT_NAME = "$(TARGET_NAME)";
				SWIFT_EMIT_LOC_STRINGS = YES;
				SWIFT_VERSION = 5.0;
				TARGETED_DEVICE_FAMILY = "1,2";
			};
			name = Debug;
		};
		38890B3E2A284B1D00C71748 /* Release */ = {
			isa = XCBuildConfiguration;
			buildSettings = {
				ASSETCATALOG_COMPILER_APPICON_NAME = AppIcon;
				ASSETCATALOG_COMPILER_GLOBAL_ACCENT_COLOR_NAME = AccentColor;
				CODE_SIGN_STYLE = Automatic;
				CURRENT_PROJECT_VERSION = 1;
				DEVELOPMENT_TEAM = A2WQZ32XVK;
				GENERATE_INFOPLIST_FILE = YES;
				INFOPLIST_FILE = "Netflix Clone/Info.plist";
				INFOPLIST_KEY_UIApplicationSupportsIndirectInputEvents = YES;
				INFOPLIST_KEY_UILaunchStoryboardName = LaunchScreen;
				INFOPLIST_KEY_UISupportedInterfaceOrientations_iPad = "UIInterfaceOrientationPortrait UIInterfaceOrientationPortraitUpsideDown UIInterfaceOrientationLandscapeLeft UIInterfaceOrientationLandscapeRight";
				INFOPLIST_KEY_UISupportedInterfaceOrientations_iPhone = "UIInterfaceOrientationPortrait UIInterfaceOrientationLandscapeLeft UIInterfaceOrientationLandscapeRight";
				LD_RUNPATH_SEARCH_PATHS = (
					"$(inherited)",
					"@executable_path/Frameworks",
				);
				MARKETING_VERSION = 1.0;
				PRODUCT_BUNDLE_IDENTIFIER = "com.dimaswisodewo.Netflix-Clone";
				PRODUCT_NAME = "$(TARGET_NAME)";
				SWIFT_EMIT_LOC_STRINGS = YES;
				SWIFT_VERSION = 5.0;
				TARGETED_DEVICE_FAMILY = "1,2";
			};
			name = Release;
		};
/* End XCBuildConfiguration section */

/* Begin XCConfigurationList section */
		38890B232A284B1C00C71748 /* Build configuration list for PBXProject "Netflix Clone" */ = {
			isa = XCConfigurationList;
			buildConfigurations = (
				38890B3A2A284B1D00C71748 /* Debug */,
				38890B3B2A284B1D00C71748 /* Release */,
			);
			defaultConfigurationIsVisible = 0;
			defaultConfigurationName = Release;
		};
		38890B3C2A284B1D00C71748 /* Build configuration list for PBXNativeTarget "Netflix Clone" */ = {
			isa = XCConfigurationList;
			buildConfigurations = (
				38890B3D2A284B1D00C71748 /* Debug */,
				38890B3E2A284B1D00C71748 /* Release */,
			);
			defaultConfigurationIsVisible = 0;
			defaultConfigurationName = Release;
		};
/* End XCConfigurationList section */

/* Begin XCRemoteSwiftPackageReference section */
		3864397E2A2C4D770070E066 /* XCRemoteSwiftPackageReference "SDWebImage" */ = {
			isa = XCRemoteSwiftPackageReference;
			repositoryURL = "https://github.com/SDWebImage/SDWebImage.git";
			requirement = {
				kind = upToNextMajorVersion;
				minimumVersion = 5.0.0;
			};
		};
/* End XCRemoteSwiftPackageReference section */

/* Begin XCSwiftPackageProductDependency section */
		3864397F2A2C4D770070E066 /* SDWebImage */ = {
			isa = XCSwiftPackageProductDependency;
			package = 3864397E2A2C4D770070E066 /* XCRemoteSwiftPackageReference "SDWebImage" */;
			productName = SDWebImage;
		};
		386439812A2C4D770070E066 /* SDWebImageMapKit */ = {
			isa = XCSwiftPackageProductDependency;
			package = 3864397E2A2C4D770070E066 /* XCRemoteSwiftPackageReference "SDWebImage" */;
			productName = SDWebImageMapKit;
		};
/* End XCSwiftPackageProductDependency section */

/* Begin XCVersionGroup section */
		386C7BDF2A5184B500E2B88D /* NetflixCloneModel.xcdatamodeld */ = {
			isa = XCVersionGroup;
			children = (
				386C7BE02A5184B500E2B88D /* NetflixCloneModel.xcdatamodel */,
			);
			currentVersion = 386C7BE02A5184B500E2B88D /* NetflixCloneModel.xcdatamodel */;
			path = NetflixCloneModel.xcdatamodeld;
			sourceTree = "<group>";
			versionGroupType = wrapper.xcdatamodel;
		};
/* End XCVersionGroup section */
	};
	rootObject = 38890B202A284B1C00C71748 /* Project object */;
}
